// !$*UTF8*$!
{
	archiveVersion = 1;
	classes = {
	};
	objectVersion = 46;
	objects = {

/* Begin PBXBuildFile section */
		62785D1A1A731170009357B8 /* Foundation.framework in Frameworks */ = {isa = PBXBuildFile; fileRef = 62785D191A731170009357B8 /* Foundation.framework */; };
		62785D1C1A731170009357B8 /* CoreGraphics.framework in Frameworks */ = {isa = PBXBuildFile; fileRef = 62785D1B1A731170009357B8 /* CoreGraphics.framework */; };
		62785D1E1A731170009357B8 /* UIKit.framework in Frameworks */ = {isa = PBXBuildFile; fileRef = 62785D1D1A731170009357B8 /* UIKit.framework */; };
		62785D241A731170009357B8 /* InfoPlist.strings in Resources */ = {isa = PBXBuildFile; fileRef = 62785D221A731170009357B8 /* InfoPlist.strings */; };
		62785D261A731170009357B8 /* main.m in Sources */ = {isa = PBXBuildFile; fileRef = 62785D251A731170009357B8 /* main.m */; };
		62785D2A1A731170009357B8 /* AppDelegate.m in Sources */ = {isa = PBXBuildFile; fileRef = 62785D291A731170009357B8 /* AppDelegate.m */; };
		62785D2D1A731170009357B8 /* Main.storyboard in Resources */ = {isa = PBXBuildFile; fileRef = 62785D2B1A731170009357B8 /* Main.storyboard */; };
		62785D301A731170009357B8 /* ViewController.m in Sources */ = {isa = PBXBuildFile; fileRef = 62785D2F1A731170009357B8 /* ViewController.m */; };
		62785D321A731170009357B8 /* Images.xcassets in Resources */ = {isa = PBXBuildFile; fileRef = 62785D311A731170009357B8 /* Images.xcassets */; };
		62785D391A731170009357B8 /* XCTest.framework in Frameworks */ = {isa = PBXBuildFile; fileRef = 62785D381A731170009357B8 /* XCTest.framework */; };
		62785D3A1A731170009357B8 /* Foundation.framework in Frameworks */ = {isa = PBXBuildFile; fileRef = 62785D191A731170009357B8 /* Foundation.framework */; };
		62785D3B1A731170009357B8 /* UIKit.framework in Frameworks */ = {isa = PBXBuildFile; fileRef = 62785D1D1A731170009357B8 /* UIKit.framework */; };
		62785D431A731170009357B8 /* InfoPlist.strings in Resources */ = {isa = PBXBuildFile; fileRef = 62785D411A731170009357B8 /* InfoPlist.strings */; };
		62785D451A731170009357B8 /* Hour5ExampleTests.m in Sources */ = {isa = PBXBuildFile; fileRef = 62785D441A731170009357B8 /* Hour5ExampleTests.m */; };
		62785D4F1A731279009357B8 /* paper.jpg in Resources */ = {isa = PBXBuildFile; fileRef = 62785D4E1A731279009357B8 /* paper.jpg */; };
		62785D521A73128E009357B8 /* rock.jpg in Resources */ = {isa = PBXBuildFile; fileRef = 62785D501A73128E009357B8 /* rock.jpg */; };
		62785D531A73128E009357B8 /* scissors.jpg in Resources */ = {isa = PBXBuildFile; fileRef = 62785D511A73128E009357B8 /* scissors.jpg */; };
/* End PBXBuildFile section */

/* Begin PBXContainerItemProxy section */
		62785D3C1A731170009357B8 /* PBXContainerItemProxy */ = {
			isa = PBXContainerItemProxy;
			containerPortal = 62785D0E1A731170009357B8 /* Project object */;
			proxyType = 1;
			remoteGlobalIDString = 62785D151A731170009357B8;
			remoteInfo = Hour5Example;
		};
/* End PBXContainerItemProxy section */

/* Begin PBXFileReference section */
		62785D161A731170009357B8 /* Hour5Example.app */ = {isa = PBXFileReference; explicitFileType = wrapper.application; includeInIndex = 0; path = Hour5Example.app; sourceTree = BUILT_PRODUCTS_DIR; };
		62785D191A731170009357B8 /* Foundation.framework */ = {isa = PBXFileReference; lastKnownFileType = wrapper.framework; name = Foundation.framework; path = System/Library/Frameworks/Foundation.framework; sourceTree = SDKROOT; };
		62785D1B1A731170009357B8 /* CoreGraphics.framework */ = {isa = PBXFileReference; lastKnownFileType = wrapper.framework; name = CoreGraphics.framework; path = System/Library/Frameworks/CoreGraphics.framework; sourceTree = SDKROOT; };
		62785D1D1A731170009357B8 /* UIKit.framework */ = {isa = PBXFileReference; lastKnownFileType = wrapper.framework; name = UIKit.framework; path = System/Library/Frameworks/UIKit.framework; sourceTree = SDKROOT; };
		62785D211A731170009357B8 /* Hour5Example-Info.plist */ = {isa = PBXFileReference; lastKnownFileType = text.plist.xml; path = "Hour5Example-Info.plist"; sourceTree = "<group>"; };
		62785D231A731170009357B8 /* en */ = {isa = PBXFileReference; lastKnownFileType = text.plist.strings; name = en; path = en.lproj/InfoPlist.strings; sourceTree = "<group>"; };
		62785D251A731170009357B8 /* main.m */ = {isa = PBXFileReference; lastKnownFileType = sourcecode.c.objc; path = main.m; sourceTree = "<group>"; };
		62785D271A731170009357B8 /* Hour5Example-Prefix.pch */ = {isa = PBXFileReference; lastKnownFileType = sourcecode.c.h; path = "Hour5Example-Prefix.pch"; sourceTree = "<group>"; };
		62785D281A731170009357B8 /* AppDelegate.h */ = {isa = PBXFileReference; lastKnownFileType = sourcecode.c.h; path = AppDelegate.h; sourceTree = "<group>"; };
		62785D291A731170009357B8 /* AppDelegate.m */ = {isa = PBXFileReference; lastKnownFileType = sourcecode.c.objc; path = AppDelegate.m; sourceTree = "<group>"; };
		62785D2C1A731170009357B8 /* Base */ = {isa = PBXFileReference; lastKnownFileType = file.storyboard; name = Base; path = Base.lproj/Main.storyboard; sourceTree = "<group>"; };
		62785D2E1A731170009357B8 /* ViewController.h */ = {isa = PBXFileReference; lastKnownFileType = sourcecode.c.h; path = ViewController.h; sourceTree = "<group>"; };
		62785D2F1A731170009357B8 /* ViewController.m */ = {isa = PBXFileReference; lastKnownFileType = sourcecode.c.objc; path = ViewController.m; sourceTree = "<group>"; };
		62785D311A731170009357B8 /* Images.xcassets */ = {isa = PBXFileReference; lastKnownFileType = folder.assetcatalog; path = Images.xcassets; sourceTree = "<group>"; };
		62785D371A731170009357B8 /* Hour5ExampleTests.xctest */ = {isa = PBXFileReference; explicitFileType = wrapper.cfbundle; includeInIndex = 0; path = Hour5ExampleTests.xctest; sourceTree = BUILT_PRODUCTS_DIR; };
		62785D381A731170009357B8 /* XCTest.framework */ = {isa = PBXFileReference; lastKnownFileType = wrapper.framework; name = XCTest.framework; path = Library/Frameworks/XCTest.framework; sourceTree = DEVELOPER_DIR; };
		62785D401A731170009357B8 /* Hour5ExampleTests-Info.plist */ = {isa = PBXFileReference; lastKnownFileType = text.plist.xml; path = "Hour5ExampleTests-Info.plist"; sourceTree = "<group>"; };
		62785D421A731170009357B8 /* en */ = {isa = PBXFileReference; lastKnownFileType = text.plist.strings; name = en; path = en.lproj/InfoPlist.strings; sourceTree = "<group>"; };
		62785D441A731170009357B8 /* Hour5ExampleTests.m */ = {isa = PBXFileReference; lastKnownFileType = sourcecode.c.objc; path = Hour5ExampleTests.m; sourceTree = "<group>"; };
		62785D4E1A731279009357B8 /* paper.jpg */ = {isa = PBXFileReference; lastKnownFileType = image.jpeg; path = paper.jpg; sourceTree = "<group>"; };
		62785D501A73128E009357B8 /* rock.jpg */ = {isa = PBXFileReference; lastKnownFileType = image.jpeg; path = rock.jpg; sourceTree = "<group>"; };
		62785D511A73128E009357B8 /* scissors.jpg */ = {isa = PBXFileReference; lastKnownFileType = image.jpeg; path = scissors.jpg; sourceTree = "<group>"; };
/* End PBXFileReference section */

/* Begin PBXFrameworksBuildPhase section */
		62785D131A731170009357B8 /* Frameworks */ = {
			isa = PBXFrameworksBuildPhase;
			buildActionMask = 2147483647;
			files = (
				62785D1C1A731170009357B8 /* CoreGraphics.framework in Frameworks */,
				62785D1E1A731170009357B8 /* UIKit.framework in Frameworks */,
				62785D1A1A731170009357B8 /* Foundation.framework in Frameworks */,
			);
			runOnlyForDeploymentPostprocessing = 0;
		};
		62785D341A731170009357B8 /* Frameworks */ = {
			isa = PBXFrameworksBuildPhase;
			buildActionMask = 2147483647;
			files = (
				62785D391A731170009357B8 /* XCTest.framework in Frameworks */,
				62785D3B1A731170009357B8 /* UIKit.framework in Frameworks */,
				62785D3A1A731170009357B8 /* Foundation.framework in Frameworks */,
			);
			runOnlyForDeploymentPostprocessing = 0;
		};
/* End PBXFrameworksBuildPhase section */

/* Begin PBXGroup section */
		62785D0D1A731170009357B8 = {
			isa = PBXGroup;
			children = (
				62785D1F1A731170009357B8 /* Hour5Example */,
				62785D3E1A731170009357B8 /* Hour5ExampleTests */,
				62785D181A731170009357B8 /* Frameworks */,
				62785D171A731170009357B8 /* Products */,
			);
			sourceTree = "<group>";
		};
		62785D171A731170009357B8 /* Products */ = {
			isa = PBXGroup;
			children = (
				62785D161A731170009357B8 /* Hour5Example.app */,
				62785D371A731170009357B8 /* Hour5ExampleTests.xctest */,
			);
			name = Products;
			sourceTree = "<group>";
		};
		62785D181A731170009357B8 /* Frameworks */ = {
			isa = PBXGroup;
			children = (
				62785D191A731170009357B8 /* Foundation.framework */,
				62785D1B1A731170009357B8 /* CoreGraphics.framework */,
				62785D1D1A731170009357B8 /* UIKit.framework */,
				62785D381A731170009357B8 /* XCTest.framework */,
			);
			name = Frameworks;
			sourceTree = "<group>";
		};
		62785D1F1A731170009357B8 /* Hour5Example */ = {
			isa = PBXGroup;
			children = (
				62785D281A731170009357B8 /* AppDelegate.h */,
				62785D291A731170009357B8 /* AppDelegate.m */,
				62785D2B1A731170009357B8 /* Main.storyboard */,
				62785D2E1A731170009357B8 /* ViewController.h */,
				62785D2F1A731170009357B8 /* ViewController.m */,
				62785D501A73128E009357B8 /* rock.jpg */,
				62785D511A73128E009357B8 /* scissors.jpg */,
				62785D4E1A731279009357B8 /* paper.jpg */,
				62785D311A731170009357B8 /* Images.xcassets */,
				62785D201A731170009357B8 /* Supporting Files */,
			);
			path = Hour5Example;
			sourceTree = "<group>";
		};
		62785D201A731170009357B8 /* Supporting Files */ = {
			isa = PBXGroup;
			children = (
				62785D211A731170009357B8 /* Hour5Example-Info.plist */,
				62785D221A731170009357B8 /* InfoPlist.strings */,
				62785D251A731170009357B8 /* main.m */,
				62785D271A731170009357B8 /* Hour5Example-Prefix.pch */,
			);
			name = "Supporting Files";
			sourceTree = "<group>";
		};
		62785D3E1A731170009357B8 /* Hour5ExampleTests */ = {
			isa = PBXGroup;
			children = (
				62785D441A731170009357B8 /* Hour5ExampleTests.m */,
				62785D3F1A731170009357B8 /* Supporting Files */,
			);
			path = Hour5ExampleTests;
			sourceTree = "<group>";
		};
		62785D3F1A731170009357B8 /* Supporting Files */ = {
			isa = PBXGroup;
			children = (
				62785D401A731170009357B8 /* Hour5ExampleTests-Info.plist */,
				62785D411A731170009357B8 /* InfoPlist.strings */,
			);
			name = "Supporting Files";
			sourceTree = "<group>";
		};
/* End PBXGroup section */

/* Begin PBXNativeTarget section */
		62785D151A731170009357B8 /* Hour5Example */ = {
			isa = PBXNativeTarget;
			buildConfigurationList = 62785D481A731170009357B8 /* Build configuration list for PBXNativeTarget "Hour5Example" */;
			buildPhases = (
				62785D121A731170009357B8 /* Sources */,
				62785D131A731170009357B8 /* Frameworks */,
				62785D141A731170009357B8 /* Resources */,
			);
			buildRules = (
			);
			dependencies = (
			);
			name = Hour5Example;
			productName = Hour5Example;
			productReference = 62785D161A731170009357B8 /* Hour5Example.app */;
			productType = "com.apple.product-type.application";
		};
		62785D361A731170009357B8 /* Hour5ExampleTests */ = {
			isa = PBXNativeTarget;
			buildConfigurationList = 62785D4B1A731170009357B8 /* Build configuration list for PBXNativeTarget "Hour5ExampleTests" */;
			buildPhases = (
				62785D331A731170009357B8 /* Sources */,
				62785D341A731170009357B8 /* Frameworks */,
				62785D351A731170009357B8 /* Resources */,
			);
			buildRules = (
			);
			dependencies = (
				62785D3D1A731170009357B8 /* PBXTargetDependency */,
			);
			name = Hour5ExampleTests;
			productName = Hour5ExampleTests;
			productReference = 62785D371A731170009357B8 /* Hour5ExampleTests.xctest */;
			productType = "com.apple.product-type.bundle.unit-test";
		};
/* End PBXNativeTarget section */

/* Begin PBXProject section */
		62785D0E1A731170009357B8 /* Project object */ = {
			isa = PBXProject;
			attributes = {
				LastUpgradeCheck = 0510;
				ORGANIZATIONNAME = lcc;
				TargetAttributes = {
					62785D361A731170009357B8 = {
						TestTargetID = 62785D151A731170009357B8;
					};
				};
			};
			buildConfigurationList = 62785D111A731170009357B8 /* Build configuration list for PBXProject "Hour5Example" */;
			compatibilityVersion = "Xcode 3.2";
			developmentRegion = English;
			hasScannedForEncodings = 0;
			knownRegions = (
				en,
				Base,
			);
			mainGroup = 62785D0D1A731170009357B8;
			productRefGroup = 62785D171A731170009357B8 /* Products */;
			projectDirPath = "";
			projectRoot = "";
			targets = (
				62785D151A731170009357B8 /* Hour5Example */,
				62785D361A731170009357B8 /* Hour5ExampleTests */,
			);
		};
/* End PBXProject section */

/* Begin PBXResourcesBuildPhase section */
		62785D141A731170009357B8 /* Resources */ = {
			isa = PBXResourcesBuildPhase;
			buildActionMask = 2147483647;
			files = (
				62785D4F1A731279009357B8 /* paper.jpg in Resources */,
				62785D521A73128E009357B8 /* rock.jpg in Resources */,
				62785D321A731170009357B8 /* Images.xcassets in Resources */,
				62785D241A731170009357B8 /* InfoPlist.strings in Resources */,
				62785D531A73128E009357B8 /* scissors.jpg in Resources */,
				62785D2D1A731170009357B8 /* Main.storyboard in Resources */,
			);
			runOnlyForDeploymentPostprocessing = 0;
		};
		62785D351A731170009357B8 /* Resources */ = {
			isa = PBXResourcesBuildPhase;
			buildActionMask = 2147483647;
			files = (
				62785D431A731170009357B8 /* InfoPlist.strings in Resources */,
			);
			runOnlyForDeploymentPostprocessing = 0;
		};
/* End PBXResourcesBuildPhase section */

/* Begin PBXSourcesBuildPhase section */
		62785D121A731170009357B8 /* Sources */ = {
			isa = PBXSourcesBuildPhase;
			buildActionMask = 2147483647;
			files = (
				62785D301A731170009357B8 /* ViewController.m in Sources */,
				62785D2A1A731170009357B8 /* AppDelegate.m in Sources */,
				62785D261A731170009357B8 /* main.m in Sources */,
			);
			runOnlyForDeploymentPostprocessing = 0;
		};
		62785D331A731170009357B8 /* Sources */ = {
			isa = PBXSourcesBuildPhase;
			buildActionMask = 2147483647;
			files = (
				62785D451A731170009357B8 /* Hour5ExampleTests.m in Sources */,
			);
			runOnlyForDeploymentPostprocessing = 0;
		};
/* End PBXSourcesBuildPhase section */

/* Begin PBXTargetDependency section */
		62785D3D1A731170009357B8 /* PBXTargetDependency */ = {
			isa = PBXTargetDependency;
			target = 62785D151A731170009357B8 /* Hour5Example */;
			targetProxy = 62785D3C1A731170009357B8 /* PBXContainerItemProxy */;
		};
/* End PBXTargetDependency section */

/* Begin PBXVariantGroup section */
		62785D221A731170009357B8 /* InfoPlist.strings */ = {
			isa = PBXVariantGroup;
			children = (
				62785D231A731170009357B8 /* en */,
			);
			name = InfoPlist.strings;
			sourceTree = "<group>";
		};
		62785D2B1A731170009357B8 /* Main.storyboard */ = {
			isa = PBXVariantGroup;
			children = (
				62785D2C1A731170009357B8 /* Base */,
			);
			name = Main.storyboard;
			sourceTree = "<group>";
		};
		62785D411A731170009357B8 /* InfoPlist.strings */ = {
			isa = PBXVariantGroup;
			children = (
				62785D421A731170009357B8 /* en */,
			);
			name = InfoPlist.strings;
			sourceTree = "<group>";
		};
/* End PBXVariantGroup section */

/* Begin XCBuildConfiguration section */
		62785D461A731170009357B8 /* Debug */ = {
			isa = XCBuildConfiguration;
			buildSettings = {
				ALWAYS_SEARCH_USER_PATHS = NO;
				CLANG_CXX_LANGUAGE_STANDARD = "gnu++0x";
				CLANG_CXX_LIBRARY = "libc++";
				CLANG_ENABLE_MODULES = YES;
				CLANG_ENABLE_OBJC_ARC = YES;
				CLANG_WARN_BOOL_CONVERSION = YES;
				CLANG_WARN_CONSTANT_CONVERSION = YES;
				CLANG_WARN_DIRECT_OBJC_ISA_USAGE = YES_ERROR;
				CLANG_WARN_EMPTY_BODY = YES;
				CLANG_WARN_ENUM_CONVERSION = YES;
				CLANG_WARN_INT_CONVERSION = YES;
				CLANG_WARN_OBJC_ROOT_CLASS = YES_ERROR;
				CLANG_WARN__DUPLICATE_METHOD_MATCH = YES;
				"CODE_SIGN_IDENTITY[sdk=iphoneos*]" = "iPhone Developer";
				COPY_PHASE_STRIP = NO;
				GCC_C_LANGUAGE_STANDARD = gnu99;
				GCC_DYNAMIC_NO_PIC = NO;
				GCC_OPTIMIZATION_LEVEL = 0;
				GCC_PREPROCESSOR_DEFINITIONS = (
					"DEBUG=1",
					"$(inherited)",
				);
				GCC_SYMBOLS_PRIVATE_EXTERN = NO;
				GCC_WARN_64_TO_32_BIT_CONVERSION = YES;
				GCC_WARN_ABOUT_RETURN_TYPE = YES_ERROR;
				GCC_WARN_UNDECLARED_SELECTOR = YES;
				GCC_WARN_UNINITIALIZED_AUTOS = YES_AGGRESSIVE;
				GCC_WARN_UNUSED_FUNCTION = YES;
				GCC_WARN_UNUSED_VARIABLE = YES;
				IPHONEOS_DEPLOYMENT_TARGET = 7.1;
				ONLY_ACTIVE_ARCH = YES;
				SDKROOT = iphoneos;
			};
			name = Debug;
		};
		62785D471A731170009357B8 /* Release */ = {
			isa = XCBuildConfiguration;
			buildSettings = {
				ALWAYS_SEARCH_USER_PATHS = NO;
				CLANG_CXX_LANGUAGE_STANDARD = "gnu++0x";
				CLANG_CXX_LIBRARY = "libc++";
				CLANG_ENABLE_MODULES = YES;
				CLANG_ENABLE_OBJC_ARC = YES;
				CLANG_WARN_BOOL_CONVERSION = YES;
				CLANG_WARN_CONSTANT_CONVERSION = YES;
				CLANG_WARN_DIRECT_OBJC_ISA_USAGE = YES_ERROR;
				CLANG_WARN_EMPTY_BODY = YES;
				CLANG_WARN_ENUM_CONVERSION = YES;
				CLANG_WARN_INT_CONVERSION = YES;
				CLANG_WARN_OBJC_ROOT_CLASS = YES_ERROR;
				CLANG_WARN__DUPLICATE_METHOD_MATCH = YES;
				"CODE_SIGN_IDENTITY[sdk=iphoneos*]" = "iPhone Developer";
				COPY_PHASE_STRIP = YES;
				ENABLE_NS_ASSERTIONS = NO;
				GCC_C_LANGUAGE_STANDARD = gnu99;
				GCC_WARN_64_TO_32_BIT_CONVERSION = YES;
				GCC_WARN_ABOUT_RETURN_TYPE = YES_ERROR;
				GCC_WARN_UNDECLARED_SELECTOR = YES;
				GCC_WARN_UNINITIALIZED_AUTOS = YES_AGGRESSIVE;
				GCC_WARN_UNUSED_FUNCTION = YES;
				GCC_WARN_UNUSED_VARIABLE = YES;
				IPHONEOS_DEPLOYMENT_TARGET = 7.1;
				SDKROOT = iphoneos;
				VALIDATE_PRODUCT = YES;
			};
			name = Release;
		};
		62785D491A731170009357B8 /* Debug */ = {
			isa = XCBuildConfiguration;
			buildSettings = {
				ASSETCATALOG_COMPILER_APPICON_NAME = AppIcon;
				ASSETCATALOG_COMPILER_LAUNCHIMAGE_NAME = LaunchImage;
				GCC_PRECOMPILE_PREFIX_HEADER = YES;
				GCC_PREFIX_HEADER = "Hour5Example/Hour5Example-Prefix.pch";
				INFOPLIST_FILE = "Hour5Example/Hour5Example-Info.plist";
				PRODUCT_NAME = "$(TARGET_NAME)";
				WRAPPER_EXTENSION = app;
			};
			name = Debug;
		};
		62785D4A1A731170009357B8 /* Release */ = {
			isa = XCBuildConfiguration;
			buildSettings = {
				ASSETCATALOG_COMPILER_APPICON_NAME = AppIcon;
				ASSETCATALOG_COMPILER_LAUNCHIMAGE_NAME = LaunchImage;
				GCC_PRECOMPILE_PREFIX_HEADER = YES;
				GCC_PREFIX_HEADER = "Hour5Example/Hour5Example-Prefix.pch";
				INFOPLIST_FILE = "Hour5Example/Hour5Example-Info.plist";
				PRODUCT_NAME = "$(TARGET_NAME)";
				WRAPPER_EXTENSION = app;
			};
			name = Release;
		};
		62785D4C1A731170009357B8 /* Debug */ = {
			isa = XCBuildConfiguration;
			buildSettings = {
				BUNDLE_LOADER = "$(BUILT_PRODUCTS_DIR)/Hour5Example.app/Hour5Example";
				FRAMEWORK_SEARCH_PATHS = (
					"$(SDKROOT)/Developer/Library/Frameworks",
					"$(inherited)",
					"$(DEVELOPER_FRAMEWORKS_DIR)",
				);
				GCC_PRECOMPILE_PREFIX_HEADER = YES;
				GCC_PREFIX_HEADER = "Hour5Example/Hour5Example-Prefix.pch";
				GCC_PREPROCESSOR_DEFINITIONS = (
					"DEBUG=1",
					"$(inherited)",
				);
				INFOPLIST_FILE = "Hour5ExampleTests/Hour5ExampleTests-Info.plist";
				PRODUCT_NAME = "$(TARGET_NAME)";
				TEST_HOST = "$(BUNDLE_LOADER)";
				WRAPPER_EXTENSION = xctest;
			};
			name = Debug;
		};
		62785D4D1A731170009357B8 /* Release */ = {
			isa = XCBuildConfiguration;
			buildSettings = {
				BUNDLE_LOADER = "$(BUILT_PRODUCTS_DIR)/Hour5Example.app/Hour5Example";
				FRAMEWORK_SEARCH_PATHS = (
					"$(SDKROOT)/Developer/Library/Frameworks",
					"$(inherited)",
					"$(DEVELOPER_FRAMEWORKS_DIR)",
				);
				GCC_PRECOMPILE_PREFIX_HEADER = YES;
				GCC_PREFIX_HEADER = "Hour5Example/Hour5Example-Prefix.pch";
				INFOPLIST_FILE = "Hour5ExampleTests/Hour5ExampleTests-Info.plist";
				PRODUCT_NAME = "$(TARGET_NAME)";
				TEST_HOST = "$(BUNDLE_LOADER)";
				WRAPPER_EXTENSION = xctest;
			};
			name = Release;
		};
/* End XCBuildConfiguration section */

/* Begin XCConfigurationList section */
		62785D111A731170009357B8 /* Build configuration list for PBXProject "Hour5Example" */ = {
			isa = XCConfigurationList;
			buildConfigurations = (
				62785D461A731170009357B8 /* Debug */,
				62785D471A731170009357B8 /* Release */,
			);
			defaultConfigurationIsVisible = 0;
			defaultConfigurationName = Release;
		};
		62785D481A731170009357B8 /* Build configuration list for PBXNativeTarget "Hour5Example" */ = {
			isa = XCConfigurationList;
			buildConfigurations = (
				62785D491A731170009357B8 /* Debug */,
				62785D4A1A731170009357B8 /* Release */,
			);
			defaultConfigurationIsVisible = 0;
		};
		62785D4B1A731170009357B8 /* Build configuration list for PBXNativeTarget "Hour5ExampleTests" */ = {
			isa = XCConfigurationList;
			buildConfigurations = (
				62785D4C1A731170009357B8 /* Debug */,
				62785D4D1A731170009357B8 /* Release */,
			);
			defaultConfigurationIsVisible = 0;
		};
/* End XCConfigurationList section */
	};
	rootObject = 62785D0E1A731170009357B8 /* Project object */;
}
